{
  "requires": true,
  "lockfileVersion": 1,
  "dependencies": {
    "@ckeditor/ckeditor5-adapter-ckfinder": {
      "version": "30.0.0",
      "resolved": "https://registry.npmjs.org/@ckeditor/ckeditor5-adapter-ckfinder/-/ckeditor5-adapter-ckfinder-30.0.0.tgz",
      "integrity": "sha512-tfFCMI7RKlpop5FeFoiRRT8O9+2ps/DaFxXiYKsAcsPFdpS9ArQebV7qB634CRadhe1yXgDm6+XrEsxd0W/ZgQ==",
      "requires": {
        "ckeditor5": "^30.0.0"
      }
    },
    "@ckeditor/ckeditor5-autoformat": {
      "version": "30.0.0",
      "resolved": "https://registry.npmjs.org/@ckeditor/ckeditor5-autoformat/-/ckeditor5-autoformat-30.0.0.tgz",
      "integrity": "sha512-OkEiov3vaaW291fg3tBjusngTJYvkDC5TGvkqc/z+zOTHSG1oseaPRz5uD/glxsSNXfEPSTkcZhIQB2Rc1ljHg==",
      "requires": {
        "ckeditor5": "^30.0.0"
      }
    },
    "@ckeditor/ckeditor5-basic-styles": {
      "version": "30.0.0",
      "resolved": "https://registry.npmjs.org/@ckeditor/ckeditor5-basic-styles/-/ckeditor5-basic-styles-30.0.0.tgz",
      "integrity": "sha512-3LwCFWa1toaN/cKcGtWCRGr12/QwFx2093f1o9JKiwVyUV7vGimRz14hgLMFeCqY0sZIfmXoPTZnn+9wThHqsA==",
      "requires": {
        "ckeditor5": "^30.0.0"
      }
    },
    "@ckeditor/ckeditor5-block-quote": {
      "version": "30.0.0",
      "resolved": "https://registry.npmjs.org/@ckeditor/ckeditor5-block-quote/-/ckeditor5-block-quote-30.0.0.tgz",
      "integrity": "sha512-4Xth4i6YIF15/icoNMMmif8Bbn8YrXHxF1Xof22DR44luUQqvk8WzwXOLUYvMPMGFEpKNlUYl3rYxrEfhhAC9w==",
      "requires": {
        "ckeditor5": "^30.0.0"
      }
    },
    "@ckeditor/ckeditor5-build-classic": {
      "version": "30.0.0",
      "resolved": "https://registry.npmjs.org/@ckeditor/ckeditor5-build-classic/-/ckeditor5-build-classic-30.0.0.tgz",
      "integrity": "sha512-HsZ1LUsFzNzBur59kZkZrX5kgSw9uq1t8M8Shqn14Yu9rbM0Ne7OMD9I+Ig04TguPCZZczUBrSewHx9nV0X+0w==",
      "requires": {
        "@ckeditor/ckeditor5-adapter-ckfinder": "^30.0.0",
        "@ckeditor/ckeditor5-autoformat": "^30.0.0",
        "@ckeditor/ckeditor5-basic-styles": "^30.0.0",
        "@ckeditor/ckeditor5-block-quote": "^30.0.0",
        "@ckeditor/ckeditor5-ckfinder": "^30.0.0",
        "@ckeditor/ckeditor5-cloud-services": "^30.0.0",
        "@ckeditor/ckeditor5-easy-image": "^30.0.0",
        "@ckeditor/ckeditor5-editor-classic": "^30.0.0",
        "@ckeditor/ckeditor5-essentials": "^30.0.0",
        "@ckeditor/ckeditor5-heading": "^30.0.0",
        "@ckeditor/ckeditor5-image": "^30.0.0",
        "@ckeditor/ckeditor5-indent": "^30.0.0",
        "@ckeditor/ckeditor5-link": "^30.0.0",
        "@ckeditor/ckeditor5-list": "^30.0.0",
        "@ckeditor/ckeditor5-media-embed": "^30.0.0",
        "@ckeditor/ckeditor5-paragraph": "^30.0.0",
        "@ckeditor/ckeditor5-paste-from-office": "^30.0.0",
        "@ckeditor/ckeditor5-table": "^30.0.0",
        "@ckeditor/ckeditor5-typing": "^30.0.0"
      }
    },
    "@ckeditor/ckeditor5-ckfinder": {
      "version": "30.0.0",
      "resolved": "https://registry.npmjs.org/@ckeditor/ckeditor5-ckfinder/-/ckeditor5-ckfinder-30.0.0.tgz",
      "integrity": "sha512-OROvB4lrUy3QyA8ZkV+S/d5TD1DbyyJ6WCPEJv3GDNWLhOvcBFZpxSL0z3DHCQOJQE+a4rr8cjjToxdnZW5/yQ==",
      "requires": {
        "ckeditor5": "^30.0.0"
      }
    },
    "@ckeditor/ckeditor5-clipboard": {
      "version": "30.0.0",
      "resolved": "https://registry.npmjs.org/@ckeditor/ckeditor5-clipboard/-/ckeditor5-clipboard-30.0.0.tgz",
      "integrity": "sha512-Qpr965xZy3bYe8v8+ogEXG7m03KC5wwn5yHn6Jbexue4NhZSCsqqSKJCjIEpNEGh+RQ4gFG0AJcRLee9oMq+VQ==",
      "requires": {
        "@ckeditor/ckeditor5-core": "^30.0.0",
        "@ckeditor/ckeditor5-engine": "^30.0.0",
        "@ckeditor/ckeditor5-utils": "^30.0.0",
        "@ckeditor/ckeditor5-widget": "^30.0.0",
        "lodash-es": "^4.17.11"
      }
    },
    "@ckeditor/ckeditor5-cloud-services": {
      "version": "30.0.0",
      "resolved": "https://registry.npmjs.org/@ckeditor/ckeditor5-cloud-services/-/ckeditor5-cloud-services-30.0.0.tgz",
      "integrity": "sha512-eTCnhQGA+aLkIqqfWyqwjrbaF00kKQTrzj+NZsLFtblRe8MZ8ZrneDhWyMxJ96m7Gqq6FpBN/GVZOWZm3p06OA==",
      "requires": {
        "ckeditor5": "^30.0.0"
      }
    },
    "@ckeditor/ckeditor5-core": {
      "version": "30.0.0",
      "resolved": "https://registry.npmjs.org/@ckeditor/ckeditor5-core/-/ckeditor5-core-30.0.0.tgz",
      "integrity": "sha512-f77Hd5plp9gp4+csTC4I8LVD8W7JmZ7D9kI1cCWryPkKArcTmt+RJl5OIWU2l6rPuv8Pwp1GkjSIExW7jQJnxg==",
      "requires": {
        "@ckeditor/ckeditor5-engine": "^30.0.0",
        "@ckeditor/ckeditor5-ui": "^30.0.0",
        "@ckeditor/ckeditor5-utils": "^30.0.0",
        "lodash-es": "^4.17.15"
      }
    },
    "@ckeditor/ckeditor5-easy-image": {
      "version": "30.0.0",
      "resolved": "https://registry.npmjs.org/@ckeditor/ckeditor5-easy-image/-/ckeditor5-easy-image-30.0.0.tgz",
      "integrity": "sha512-DN61WygBsUYwLbCsogHj7gUs+tFk51kZ1C3+f7o/eVSr/11aQ7KhLvcnXQ7b5rQnhiBqJCJoXb9A9WL1Xg3dxQ==",
      "requires": {
        "ckeditor5": "^30.0.0"
      }
    },
    "@ckeditor/ckeditor5-editor-classic": {
      "version": "30.0.0",
      "resolved": "https://registry.npmjs.org/@ckeditor/ckeditor5-editor-classic/-/ckeditor5-editor-classic-30.0.0.tgz",
      "integrity": "sha512-xVK5N6Bd5LXyoQT/ep8MD42UsUzQS+qoTkp0qaj2ZDxthx8W6yRRsJdVnRrkZfiD4e/y42BLfRAhPt6xYg8xdw==",
      "requires": {
        "ckeditor5": "^30.0.0",
        "lodash-es": "^4.17.15"
      }
    },
    "@ckeditor/ckeditor5-engine": {
      "version": "30.0.0",
      "resolved": "https://registry.npmjs.org/@ckeditor/ckeditor5-engine/-/ckeditor5-engine-30.0.0.tgz",
      "integrity": "sha512-k8Uev+IbNXcO/ihWlDmRL+xiUV4MvJVtZLA8+UdLp8hiuGW9THw0ODYDvmCe88JG7QkiwfPhtLejKu0hMrJD9Q==",
      "requires": {
        "@ckeditor/ckeditor5-utils": "^30.0.0",
        "lodash-es": "^4.17.15"
      }
    },
    "@ckeditor/ckeditor5-enter": {
      "version": "30.0.0",
      "resolved": "https://registry.npmjs.org/@ckeditor/ckeditor5-enter/-/ckeditor5-enter-30.0.0.tgz",
      "integrity": "sha512-JzyAU0oHMHuYuVv4ot5e72uHHCqmTSJrqd/ouUbICW/dXmsbGsu5SKeCFiSsZfT1+xBvSmtiDlwjUOhAWzZ6cQ==",
      "requires": {
        "@ckeditor/ckeditor5-core": "^30.0.0",
        "@ckeditor/ckeditor5-engine": "^30.0.0",
        "@ckeditor/ckeditor5-utils": "^30.0.0"
      }
    },
    "@ckeditor/ckeditor5-essentials": {
      "version": "30.0.0",
      "resolved": "https://registry.npmjs.org/@ckeditor/ckeditor5-essentials/-/ckeditor5-essentials-30.0.0.tgz",
      "integrity": "sha512-Va3SMa8AB+KR3TU+teNJY1SxvZvQEVQEtNOr8CGcHWe0j7c9nQJaJdwJLfOCKYH5jjiKQixNrdnmN+14BxSwPw==",
      "requires": {
        "ckeditor5": "^30.0.0"
      }
    },
    "@ckeditor/ckeditor5-heading": {
      "version": "30.0.0",
      "resolved": "https://registry.npmjs.org/@ckeditor/ckeditor5-heading/-/ckeditor5-heading-30.0.0.tgz",
      "integrity": "sha512-G7h9Zeu+rfHlA90t4VSzRsci12SapGHNZXAZqmcnOFizkCVG1lNE3DZso7YhHF2FrBDan0O3XRPfp0VUB2TTFg==",
      "requires": {
        "ckeditor5": "^30.0.0"
      }
    },
    "@ckeditor/ckeditor5-image": {
      "version": "30.0.0",
      "resolved": "https://registry.npmjs.org/@ckeditor/ckeditor5-image/-/ckeditor5-image-30.0.0.tgz",
      "integrity": "sha512-9etD/L074Vlq2FMQyrBWCzaaJDZgy/+aTvtOgUxS2oH+NzdOW4PwluQwGRex0VZ9zERaorHrel/lFMvPUIaeTQ==",
      "requires": {
        "@ckeditor/ckeditor5-ui": "^30.0.0",
        "ckeditor5": "^30.0.0",
        "lodash-es": "^4.17.15"
      }
    },
    "@ckeditor/ckeditor5-indent": {
      "version": "30.0.0",
      "resolved": "https://registry.npmjs.org/@ckeditor/ckeditor5-indent/-/ckeditor5-indent-30.0.0.tgz",
      "integrity": "sha512-czzpwtiH15qZYBuH2xhz24V0hy9Jxnq8uhhRlYajiUbj0cf8ePAceomP/jNH20j9L4DWopuoPNlHprO0LtGioQ==",
      "requires": {
        "ckeditor5": "^30.0.0"
      }
    },
    "@ckeditor/ckeditor5-link": {
      "version": "30.0.0",
      "resolved": "https://registry.npmjs.org/@ckeditor/ckeditor5-link/-/ckeditor5-link-30.0.0.tgz",
      "integrity": "sha512-EtXQDlVXW4vvtjFMG09OJVCBom8OwhS4EfL4sVkHbI1iTan7LvRH5NQIyxZSEw4jYisHGbTqrxqDhjg5xScO9g==",
      "requires": {
        "@ckeditor/ckeditor5-ui": "^30.0.0",
        "ckeditor5": "^30.0.0",
        "lodash-es": "^4.17.15"
      }
    },
    "@ckeditor/ckeditor5-list": {
      "version": "30.0.0",
      "resolved": "https://registry.npmjs.org/@ckeditor/ckeditor5-list/-/ckeditor5-list-30.0.0.tgz",
      "integrity": "sha512-1pqXn8xAa8bCMaJsBzgCR6yev2Xk+Bz0cf9PO2CjxGhLAbHpHRXl8kGjGnPP4aRLh0ecf8zNc7HmuD7BxHPzsw==",
      "requires": {
        "ckeditor5": "^30.0.0"
      }
    },
    "@ckeditor/ckeditor5-media-embed": {
      "version": "30.0.0",
      "resolved": "https://registry.npmjs.org/@ckeditor/ckeditor5-media-embed/-/ckeditor5-media-embed-30.0.0.tgz",
      "integrity": "sha512-96fKNyDySQytkSwMtfOwawxYO/mJ/wuB5uQIbBqPmsSMGVbMqdqk3fQp60cL6J8H47X47j9XF3Maz1ml8Al3kw==",
      "requires": {
        "@ckeditor/ckeditor5-ui": "^30.0.0",
        "ckeditor5": "^30.0.0"
      }
    },
    "@ckeditor/ckeditor5-paragraph": {
      "version": "30.0.0",
      "resolved": "https://registry.npmjs.org/@ckeditor/ckeditor5-paragraph/-/ckeditor5-paragraph-30.0.0.tgz",
      "integrity": "sha512-DS3qOd+EKX9lfSwMmpAqQN5NLGDKusCJCGw3dnmnWnm671pwoYmNTEHmHDL38KQgJBJQxvXm8+dHPCHAkFKbsw==",
      "requires": {
        "@ckeditor/ckeditor5-core": "^30.0.0",
        "@ckeditor/ckeditor5-ui": "^30.0.0",
        "@ckeditor/ckeditor5-utils": "^30.0.0"
      }
    },
    "@ckeditor/ckeditor5-paste-from-office": {
      "version": "30.0.0",
      "resolved": "https://registry.npmjs.org/@ckeditor/ckeditor5-paste-from-office/-/ckeditor5-paste-from-office-30.0.0.tgz",
      "integrity": "sha512-rDRpzajBp+s0m5Pf0sXG73u8moGQcno8hhUJ9li7EROmxsM4EVeKAao2W3MEu9hNIvu63Jps2JD7YSmOTjMAoA==",
      "requires": {
        "ckeditor5": "^30.0.0"
      }
    },
    "@ckeditor/ckeditor5-select-all": {
      "version": "30.0.0",
      "resolved": "https://registry.npmjs.org/@ckeditor/ckeditor5-select-all/-/ckeditor5-select-all-30.0.0.tgz",
      "integrity": "sha512-niJmpgPEBP/jT8HY9BPxInYf58Jyd0kWY7+zQ3kJxdM2zqaF1eNmaI9kjsprrKXVMnU8Jpq9n0fLvM3GUbW35Q==",
      "requires": {
        "@ckeditor/ckeditor5-core": "^30.0.0",
        "@ckeditor/ckeditor5-ui": "^30.0.0",
        "@ckeditor/ckeditor5-utils": "^30.0.0"
      }
    },
    "@ckeditor/ckeditor5-table": {
      "version": "30.0.0",
      "resolved": "https://registry.npmjs.org/@ckeditor/ckeditor5-table/-/ckeditor5-table-30.0.0.tgz",
      "integrity": "sha512-B4/h6YV3ZD7GJFlL51zyQ+wrv1T9KMsNHCWafYPey/OGTCW66L5018XlsjM2Lc3LWweHHotlS4uJq7Ys4zlcnA==",
      "requires": {
        "ckeditor5": "^30.0.0",
        "lodash-es": "^4.17.15"
      }
    },
    "@ckeditor/ckeditor5-typing": {
      "version": "30.0.0",
      "resolved": "https://registry.npmjs.org/@ckeditor/ckeditor5-typing/-/ckeditor5-typing-30.0.0.tgz",
      "integrity": "sha512-Ay76oQsvkCaPpfOELYHblbQ8cEtDFRbtHdE+7n4GtZhbWjo89HnAkZZZ3JOzn3TPmAje2JRo+KWhAAk+RiAl8w==",
      "requires": {
        "@ckeditor/ckeditor5-core": "^30.0.0",
        "@ckeditor/ckeditor5-engine": "^30.0.0",
        "@ckeditor/ckeditor5-utils": "^30.0.0",
        "lodash-es": "^4.17.15"
      }
    },
    "@ckeditor/ckeditor5-ui": {
      "version": "30.0.0",
      "resolved": "https://registry.npmjs.org/@ckeditor/ckeditor5-ui/-/ckeditor5-ui-30.0.0.tgz",
      "integrity": "sha512-skd4h4XoVtOAlmbQWQwCPyRxkjOdxhtvXKdL1T/5ATCMcd2/Hea5YRkcRvEmtCn1/xdEYBLLFniG0rcAiuybSA==",
      "requires": {
        "@ckeditor/ckeditor5-core": "^30.0.0",
        "@ckeditor/ckeditor5-utils": "^30.0.0",
        "lodash-es": "^4.17.15"
      }
    },
    "@ckeditor/ckeditor5-undo": {
      "version": "30.0.0",
      "resolved": "https://registry.npmjs.org/@ckeditor/ckeditor5-undo/-/ckeditor5-undo-30.0.0.tgz",
      "integrity": "sha512-2VncqNw5L+RnxgpGPgDs3bnvCX55XP2rcbbD8/VoJPwvyhC/qLrtyEbFAO6qm44GTLAKBDhvJrmwTGO7QsrCHQ==",
      "requires": {
        "@ckeditor/ckeditor5-core": "^30.0.0",
        "@ckeditor/ckeditor5-engine": "^30.0.0",
        "@ckeditor/ckeditor5-ui": "^30.0.0"
      }
    },
    "@ckeditor/ckeditor5-upload": {
      "version": "30.0.0",
      "resolved": "https://registry.npmjs.org/@ckeditor/ckeditor5-upload/-/ckeditor5-upload-30.0.0.tgz",
      "integrity": "sha512-2s8ZHOpVMHyiCFGy0gwD9DqSbuXW1UjvETIw3nmAd8O6AYi4jhBRuibHRKuumZTU1lskaOjG8UprQkIQBcGi7Q==",
      "requires": {
        "@ckeditor/ckeditor5-core": "^30.0.0",
        "@ckeditor/ckeditor5-ui": "^30.0.0",
        "@ckeditor/ckeditor5-utils": "^30.0.0"
      }
    },
    "@ckeditor/ckeditor5-utils": {
      "version": "30.0.0",
      "resolved": "https://registry.npmjs.org/@ckeditor/ckeditor5-utils/-/ckeditor5-utils-30.0.0.tgz",
      "integrity": "sha512-pq4lJdkK/XPwD3ZdSWU/ZRklSMjmfAphp7vRiB0g1PBvsDfcZ4qqJgn6BKHyvx/K21+dMM5r6rFkxFBQnEy/Jg==",
      "requires": {
        "lodash-es": "^4.17.15"
      }
    },
    "@ckeditor/ckeditor5-widget": {
      "version": "30.0.0",
      "resolved": "https://registry.npmjs.org/@ckeditor/ckeditor5-widget/-/ckeditor5-widget-30.0.0.tgz",
      "integrity": "sha512-bcY4qay/Ii4yt/c9gDwgzMLpIJc8pUmHPqNWHrh/CvfXP4i8RI3Tj4UpBkN57th4IM6qE4JoUFd8HWSvHJG5NA==",
      "requires": {
        "@ckeditor/ckeditor5-core": "^30.0.0",
        "@ckeditor/ckeditor5-engine": "^30.0.0",
        "@ckeditor/ckeditor5-enter": "^30.0.0",
        "@ckeditor/ckeditor5-typing": "^30.0.0",
        "@ckeditor/ckeditor5-ui": "^30.0.0",
        "@ckeditor/ckeditor5-utils": "^30.0.0",
        "lodash-es": "^4.17.15"
      }
    },
    "ckeditor5": {
      "version": "30.0.0",
      "resolved": "https://registry.npmjs.org/ckeditor5/-/ckeditor5-30.0.0.tgz",
      "integrity": "sha512-4JafDNyXwjMR/IoY8wUZqo/E3xNtYJQet4ghYp9t2ZgVjIK/CY2uuGaT9EbsyZXk0HlHWJSLh/h9x/rw7IL3GA==",
      "requires": {
        "@ckeditor/ckeditor5-clipboard": "^30.0.0",
        "@ckeditor/ckeditor5-core": "^30.0.0",
        "@ckeditor/ckeditor5-engine": "^30.0.0",
        "@ckeditor/ckeditor5-enter": "^30.0.0",
        "@ckeditor/ckeditor5-paragraph": "^30.0.0",
        "@ckeditor/ckeditor5-select-all": "^30.0.0",
        "@ckeditor/ckeditor5-typing": "^30.0.0",
        "@ckeditor/ckeditor5-ui": "^30.0.0",
        "@ckeditor/ckeditor5-undo": "^30.0.0",
        "@ckeditor/ckeditor5-upload": "^30.0.0",
        "@ckeditor/ckeditor5-utils": "^30.0.0",
        "@ckeditor/ckeditor5-widget": "^30.0.0"
      }
    },
    "lodash-es": {
      "version": "4.17.21",
      "resolved": "https://registry.npmjs.org/lodash-es/-/lodash-es-4.17.21.tgz",
      "integrity": "sha512-mKnC+QJ9pWVzv+C4/U3rRsHapFfHvQFoFB92e52xeyGMcX6/OlIl78je1u8vePzYZSkkogMPJ2yjxxsb89cxyw=="
    }
  }
}
