
Microsoft Visual Studio Solution File, Format Version 12.00
# Visual Studio Version 17
VisualStudioVersion = 17.3.32901.215
MinimumVisualStudioVersion = 10.0.40219.1
Project("{FAE04EC0-301F-11D3-BF4B-00C04F79EFBC}") = "CHOM", "CHOM\CHOM.csproj", "{146C0921-6D1F-478B-958A-88106D85922E}"
EndProject
Global
	GlobalSection(SolutionConfigurationPlatforms) = preSolution
		Debug|Any CPU = Debug|Any CPU
		Release|Any CPU = Release|Any CPU
	EndGlobalSection
	GlobalSection(ProjectConfigurationPlatforms) = postSolution
		{146C0921-6D1F-478B-958A-88106D85922E}.Debug|Any CPU.ActiveCfg = Debug|Any CPU
		{146C0921-6D1F-478B-958A-88106D85922E}.Debug|Any CPU.Build.0 = Debug|Any CPU
		{146C0921-6D1F-478B-958A-88106D85922E}.Release|Any CPU.ActiveCfg = Release|Any CPU
		{146C0921-6D1F-478B-958A-88106D85922E}.Release|Any CPU.Build.0 = Release|Any CPU
	EndGlobalSection
	GlobalSection(SolutionProperties) = preSolution
		HideSolutionNode = FALSE
	EndGlobalSection
	GlobalSection(ExtensibilityGlobals) = postSolution
		SolutionGuid = {D0335D8D-026C-4925-85C5-DDD018265E78}
	EndGlobalSection
EndGlobal
